
Microsoft Visual Studio Solution File, Format Version 12.00
# Visual Studio 15
VisualStudioVersion = 15.0.28307.106
MinimumVisualStudioVersion = 10.0.40219.1
Project("{2150E333-8FDC-42A3-9474-1A3956D46DE8}") = "Cpp", "Cpp", "{8D28678E-79CE-4D72-9A01-A7C74E55FA4C}"
EndProject
Project("{2150E333-8FDC-42A3-9474-1A3956D46DE8}") = "NET", "NET", "{7B5C58C4-F93B-4ABD-85F3-1FC685F760C3}"
EndProject
Project("{8BC9CEB8-8B4A-11D0-8D11-00A0C91BC942}") = "LFrl.Common", "Cpp\LFrl.Common\LFrl.Common.vcxproj", "{116336F6-7273-4490-8107-6E182303C843}"
EndProject
Project("{8BC9CEB8-8B4A-11D0-8D11-00A0C91BC942}") = "LFrl.CG.Core", "Cpp\LFrl.CG.Core\LFrl.CG.Core.vcxproj", "{8DBF5068-5D82-471A-BEAC-E5CF9A1EB7AA}"
EndProject
Project("{8BC9CEB8-8B4A-11D0-8D11-00A0C91BC942}") = "LFrl.OGL", "Cpp\LFrl.OGL\LFrl.OGL.vcxproj", "{B9BF7E59-4FC9-4480-A046-4E1609A69D29}"
EndProject
Project("{8BC9CEB8-8B4A-11D0-8D11-00A0C91BC942}") = "LFrl.Console.Cpp", "Cpp\LFrl.Console.Cpp\LFrl.Console.Cpp.vcxproj", "{983A496C-8322-4D69-82C7-690E66E743E8}"
EndProject
Project("{8BC9CEB8-8B4A-11D0-8D11-00A0C91BC942}") = "LFrl.CG.Cpp.API", "Cpp\LFrl.CG.Cpp.API\LFrl.CG.Cpp.API.vcxproj", "{FD155C93-6129-4A28-BBDB-D0A13599969F}"
EndProject
Project("{FAE04EC0-301F-11D3-BF4B-00C04F79EFBC}") = "LFrl.Console.NET", "NET\LFrl.Console.NET\LFrl.Console.NET.csproj", "{77DB2E31-8B1C-46E9-A8FE-561C8C6397B5}"
EndProject
Project("{FAE04EC0-301F-11D3-BF4B-00C04F79EFBC}") = "LFrl.CG.NET.Interop", "NET\LFrl.CG.NET.Interop\LFrl.CG.NET.Interop.csproj", "{AE66DDF9-516B-4A7B-9789-3A13F7C9496E}"
EndProject
Project("{FAE04EC0-301F-11D3-BF4B-00C04F79EFBC}") = "LFrl.CG.App.Desktop", "NET\LFrl.CG.App.Desktop\LFrl.CG.App.Desktop.csproj", "{0B6FB6D9-F7B2-428C-8795-09CDEB2576CD}"
EndProject
Project("{8BC9CEB8-8B4A-11D0-8D11-00A0C91BC942}") = "LFrl.OGL.CG", "Cpp\LFrl.OGL.CG\LFrl.OGL.CG.vcxproj", "{C3D174A9-8E7C-49B4-978C-D51BE4AD3C4A}"
EndProject
Global
	GlobalSection(SolutionConfigurationPlatforms) = preSolution
		Debug|Any CPU = Debug|Any CPU
		Debug|x64 = Debug|x64
		Debug|x86 = Debug|x86
		Release|Any CPU = Release|Any CPU
		Release|x64 = Release|x64
		Release|x86 = Release|x86
	EndGlobalSection
	GlobalSection(ProjectConfigurationPlatforms) = postSolution
		{116336F6-7273-4490-8107-6E182303C843}.Debug|Any CPU.ActiveCfg = Debug|x64
		{116336F6-7273-4490-8107-6E182303C843}.Debug|Any CPU.Build.0 = Debug|x64
		{116336F6-7273-4490-8107-6E182303C843}.Debug|x64.ActiveCfg = Debug|x64
		{116336F6-7273-4490-8107-6E182303C843}.Debug|x64.Build.0 = Debug|x64
		{116336F6-7273-4490-8107-6E182303C843}.Debug|x86.ActiveCfg = Debug|Win32
		{116336F6-7273-4490-8107-6E182303C843}.Debug|x86.Build.0 = Debug|Win32
		{116336F6-7273-4490-8107-6E182303C843}.Release|Any CPU.ActiveCfg = Release|x64
		{116336F6-7273-4490-8107-6E182303C843}.Release|Any CPU.Build.0 = Release|x64
		{116336F6-7273-4490-8107-6E182303C843}.Release|x64.ActiveCfg = Release|x64
		{116336F6-7273-4490-8107-6E182303C843}.Release|x64.Build.0 = Release|x64
		{116336F6-7273-4490-8107-6E182303C843}.Release|x86.ActiveCfg = Release|Win32
		{116336F6-7273-4490-8107-6E182303C843}.Release|x86.Build.0 = Release|Win32
		{8DBF5068-5D82-471A-BEAC-E5CF9A1EB7AA}.Debug|Any CPU.ActiveCfg = Debug|x64
		{8DBF5068-5D82-471A-BEAC-E5CF9A1EB7AA}.Debug|Any CPU.Build.0 = Debug|x64
		{8DBF5068-5D82-471A-BEAC-E5CF9A1EB7AA}.Debug|x64.ActiveCfg = Debug|x64
		{8DBF5068-5D82-471A-BEAC-E5CF9A1EB7AA}.Debug|x64.Build.0 = Debug|x64
		{8DBF5068-5D82-471A-BEAC-E5CF9A1EB7AA}.Debug|x86.ActiveCfg = Debug|Win32
		{8DBF5068-5D82-471A-BEAC-E5CF9A1EB7AA}.Debug|x86.Build.0 = Debug|Win32
		{8DBF5068-5D82-471A-BEAC-E5CF9A1EB7AA}.Release|Any CPU.ActiveCfg = Release|x64
		{8DBF5068-5D82-471A-BEAC-E5CF9A1EB7AA}.Release|Any CPU.Build.0 = Release|x64
		{8DBF5068-5D82-471A-BEAC-E5CF9A1EB7AA}.Release|x64.ActiveCfg = Release|x64
		{8DBF5068-5D82-471A-BEAC-E5CF9A1EB7AA}.Release|x64.Build.0 = Release|x64
		{8DBF5068-5D82-471A-BEAC-E5CF9A1EB7AA}.Release|x86.ActiveCfg = Release|Win32
		{8DBF5068-5D82-471A-BEAC-E5CF9A1EB7AA}.Release|x86.Build.0 = Release|Win32
		{B9BF7E59-4FC9-4480-A046-4E1609A69D29}.Debug|Any CPU.ActiveCfg = Debug|x64
		{B9BF7E59-4FC9-4480-A046-4E1609A69D29}.Debug|Any CPU.Build.0 = Debug|x64
		{B9BF7E59-4FC9-4480-A046-4E1609A69D29}.Debug|x64.ActiveCfg = Debug|x64
		{B9BF7E59-4FC9-4480-A046-4E1609A69D29}.Debug|x64.Build.0 = Debug|x64
		{B9BF7E59-4FC9-4480-A046-4E1609A69D29}.Debug|x86.ActiveCfg = Debug|Win32
		{B9BF7E59-4FC9-4480-A046-4E1609A69D29}.Debug|x86.Build.0 = Debug|Win32
		{B9BF7E59-4FC9-4480-A046-4E1609A69D29}.Release|Any CPU.ActiveCfg = Release|x64
		{B9BF7E59-4FC9-4480-A046-4E1609A69D29}.Release|Any CPU.Build.0 = Release|x64
		{B9BF7E59-4FC9-4480-A046-4E1609A69D29}.Release|x64.ActiveCfg = Release|x64
		{B9BF7E59-4FC9-4480-A046-4E1609A69D29}.Release|x64.Build.0 = Release|x64
		{B9BF7E59-4FC9-4480-A046-4E1609A69D29}.Release|x86.ActiveCfg = Release|Win32
		{B9BF7E59-4FC9-4480-A046-4E1609A69D29}.Release|x86.Build.0 = Release|Win32
		{983A496C-8322-4D69-82C7-690E66E743E8}.Debug|Any CPU.ActiveCfg = Debug|x64
		{983A496C-8322-4D69-82C7-690E66E743E8}.Debug|Any CPU.Build.0 = Debug|x64
		{983A496C-8322-4D69-82C7-690E66E743E8}.Debug|x64.ActiveCfg = Debug|x64
		{983A496C-8322-4D69-82C7-690E66E743E8}.Debug|x64.Build.0 = Debug|x64
		{983A496C-8322-4D69-82C7-690E66E743E8}.Debug|x86.ActiveCfg = Debug|Win32
		{983A496C-8322-4D69-82C7-690E66E743E8}.Debug|x86.Build.0 = Debug|Win32
		{983A496C-8322-4D69-82C7-690E66E743E8}.Release|Any CPU.ActiveCfg = Release|x64
		{983A496C-8322-4D69-82C7-690E66E743E8}.Release|Any CPU.Build.0 = Release|x64
		{983A496C-8322-4D69-82C7-690E66E743E8}.Release|x64.ActiveCfg = Release|x64
		{983A496C-8322-4D69-82C7-690E66E743E8}.Release|x64.Build.0 = Release|x64
		{983A496C-8322-4D69-82C7-690E66E743E8}.Release|x86.ActiveCfg = Release|Win32
		{983A496C-8322-4D69-82C7-690E66E743E8}.Release|x86.Build.0 = Release|Win32
		{FD155C93-6129-4A28-BBDB-D0A13599969F}.Debug|Any CPU.ActiveCfg = Debug|x64
		{FD155C93-6129-4A28-BBDB-D0A13599969F}.Debug|Any CPU.Build.0 = Debug|x64
		{FD155C93-6129-4A28-BBDB-D0A13599969F}.Debug|x64.ActiveCfg = Debug|x64
		{FD155C93-6129-4A28-BBDB-D0A13599969F}.Debug|x64.Build.0 = Debug|x64
		{FD155C93-6129-4A28-BBDB-D0A13599969F}.Debug|x86.ActiveCfg = Debug|Win32
		{FD155C93-6129-4A28-BBDB-D0A13599969F}.Debug|x86.Build.0 = Debug|Win32
		{FD155C93-6129-4A28-BBDB-D0A13599969F}.Release|Any CPU.ActiveCfg = Release|x64
		{FD155C93-6129-4A28-BBDB-D0A13599969F}.Release|Any CPU.Build.0 = Release|x64
		{FD155C93-6129-4A28-BBDB-D0A13599969F}.Release|x64.ActiveCfg = Release|x64
		{FD155C93-6129-4A28-BBDB-D0A13599969F}.Release|x64.Build.0 = Release|x64
		{FD155C93-6129-4A28-BBDB-D0A13599969F}.Release|x86.ActiveCfg = Release|Win32
		{FD155C93-6129-4A28-BBDB-D0A13599969F}.Release|x86.Build.0 = Release|Win32
		{77DB2E31-8B1C-46E9-A8FE-561C8C6397B5}.Debug|Any CPU.ActiveCfg = Debug|x64
		{77DB2E31-8B1C-46E9-A8FE-561C8C6397B5}.Debug|Any CPU.Build.0 = Debug|x64
		{77DB2E31-8B1C-46E9-A8FE-561C8C6397B5}.Debug|x64.ActiveCfg = Debug|x64
		{77DB2E31-8B1C-46E9-A8FE-561C8C6397B5}.Debug|x64.Build.0 = Debug|x64
		{77DB2E31-8B1C-46E9-A8FE-561C8C6397B5}.Debug|x86.ActiveCfg = Debug|x86
		{77DB2E31-8B1C-46E9-A8FE-561C8C6397B5}.Debug|x86.Build.0 = Debug|x86
		{77DB2E31-8B1C-46E9-A8FE-561C8C6397B5}.Release|Any CPU.ActiveCfg = Release|x64
		{77DB2E31-8B1C-46E9-A8FE-561C8C6397B5}.Release|Any CPU.Build.0 = Release|x64
		{77DB2E31-8B1C-46E9-A8FE-561C8C6397B5}.Release|x64.ActiveCfg = Release|x64
		{77DB2E31-8B1C-46E9-A8FE-561C8C6397B5}.Release|x64.Build.0 = Release|x64
		{77DB2E31-8B1C-46E9-A8FE-561C8C6397B5}.Release|x86.ActiveCfg = Release|x86
		{77DB2E31-8B1C-46E9-A8FE-561C8C6397B5}.Release|x86.Build.0 = Release|x86
		{AE66DDF9-516B-4A7B-9789-3A13F7C9496E}.Debug|Any CPU.ActiveCfg = Debug|Any CPU
		{AE66DDF9-516B-4A7B-9789-3A13F7C9496E}.Debug|Any CPU.Build.0 = Debug|Any CPU
		{AE66DDF9-516B-4A7B-9789-3A13F7C9496E}.Debug|x64.ActiveCfg = Debug|Any CPU
		{AE66DDF9-516B-4A7B-9789-3A13F7C9496E}.Debug|x64.Build.0 = Debug|Any CPU
		{AE66DDF9-516B-4A7B-9789-3A13F7C9496E}.Debug|x86.ActiveCfg = Debug|Any CPU
		{AE66DDF9-516B-4A7B-9789-3A13F7C9496E}.Debug|x86.Build.0 = Debug|Any CPU
		{AE66DDF9-516B-4A7B-9789-3A13F7C9496E}.Release|Any CPU.ActiveCfg = Release|Any CPU
		{AE66DDF9-516B-4A7B-9789-3A13F7C9496E}.Release|Any CPU.Build.0 = Release|Any CPU
		{AE66DDF9-516B-4A7B-9789-3A13F7C9496E}.Release|x64.ActiveCfg = Release|Any CPU
		{AE66DDF9-516B-4A7B-9789-3A13F7C9496E}.Release|x64.Build.0 = Release|Any CPU
		{AE66DDF9-516B-4A7B-9789-3A13F7C9496E}.Release|x86.ActiveCfg = Release|Any CPU
		{AE66DDF9-516B-4A7B-9789-3A13F7C9496E}.Release|x86.Build.0 = Release|Any CPU
		{0B6FB6D9-F7B2-428C-8795-09CDEB2576CD}.Debug|Any CPU.ActiveCfg = Debug|Any CPU
		{0B6FB6D9-F7B2-428C-8795-09CDEB2576CD}.Debug|Any CPU.Build.0 = Debug|Any CPU
		{0B6FB6D9-F7B2-428C-8795-09CDEB2576CD}.Debug|x64.ActiveCfg = Debug|Any CPU
		{0B6FB6D9-F7B2-428C-8795-09CDEB2576CD}.Debug|x64.Build.0 = Debug|Any CPU
		{0B6FB6D9-F7B2-428C-8795-09CDEB2576CD}.Debug|x86.ActiveCfg = Debug|Any CPU
		{0B6FB6D9-F7B2-428C-8795-09CDEB2576CD}.Debug|x86.Build.0 = Debug|Any CPU
		{0B6FB6D9-F7B2-428C-8795-09CDEB2576CD}.Release|Any CPU.ActiveCfg = Release|Any CPU
		{0B6FB6D9-F7B2-428C-8795-09CDEB2576CD}.Release|Any CPU.Build.0 = Release|Any CPU
		{0B6FB6D9-F7B2-428C-8795-09CDEB2576CD}.Release|x64.ActiveCfg = Release|Any CPU
		{0B6FB6D9-F7B2-428C-8795-09CDEB2576CD}.Release|x64.Build.0 = Release|Any CPU
		{0B6FB6D9-F7B2-428C-8795-09CDEB2576CD}.Release|x86.ActiveCfg = Release|Any CPU
		{0B6FB6D9-F7B2-428C-8795-09CDEB2576CD}.Release|x86.Build.0 = Release|Any CPU
		{C3D174A9-8E7C-49B4-978C-D51BE4AD3C4A}.Debug|Any CPU.ActiveCfg = Debug|x64
		{C3D174A9-8E7C-49B4-978C-D51BE4AD3C4A}.Debug|Any CPU.Build.0 = Debug|x64
		{C3D174A9-8E7C-49B4-978C-D51BE4AD3C4A}.Debug|x64.ActiveCfg = Debug|x64
		{C3D174A9-8E7C-49B4-978C-D51BE4AD3C4A}.Debug|x64.Build.0 = Debug|x64
		{C3D174A9-8E7C-49B4-978C-D51BE4AD3C4A}.Debug|x86.ActiveCfg = Debug|Win32
		{C3D174A9-8E7C-49B4-978C-D51BE4AD3C4A}.Debug|x86.Build.0 = Debug|Win32
		{C3D174A9-8E7C-49B4-978C-D51BE4AD3C4A}.Release|Any CPU.ActiveCfg = Release|x64
		{C3D174A9-8E7C-49B4-978C-D51BE4AD3C4A}.Release|Any CPU.Build.0 = Release|x64
		{C3D174A9-8E7C-49B4-978C-D51BE4AD3C4A}.Release|x64.ActiveCfg = Release|x64
		{C3D174A9-8E7C-49B4-978C-D51BE4AD3C4A}.Release|x64.Build.0 = Release|x64
		{C3D174A9-8E7C-49B4-978C-D51BE4AD3C4A}.Release|x86.ActiveCfg = Release|Win32
		{C3D174A9-8E7C-49B4-978C-D51BE4AD3C4A}.Release|x86.Build.0 = Release|Win32
	EndGlobalSection
	GlobalSection(SolutionProperties) = preSolution
		HideSolutionNode = FALSE
	EndGlobalSection
	GlobalSection(NestedProjects) = preSolution
		{116336F6-7273-4490-8107-6E182303C843} = {8D28678E-79CE-4D72-9A01-A7C74E55FA4C}
		{8DBF5068-5D82-471A-BEAC-E5CF9A1EB7AA} = {8D28678E-79CE-4D72-9A01-A7C74E55FA4C}
		{B9BF7E59-4FC9-4480-A046-4E1609A69D29} = {8D28678E-79CE-4D72-9A01-A7C74E55FA4C}
		{983A496C-8322-4D69-82C7-690E66E743E8} = {8D28678E-79CE-4D72-9A01-A7C74E55FA4C}
		{FD155C93-6129-4A28-BBDB-D0A13599969F} = {8D28678E-79CE-4D72-9A01-A7C74E55FA4C}
		{77DB2E31-8B1C-46E9-A8FE-561C8C6397B5} = {7B5C58C4-F93B-4ABD-85F3-1FC685F760C3}
		{AE66DDF9-516B-4A7B-9789-3A13F7C9496E} = {7B5C58C4-F93B-4ABD-85F3-1FC685F760C3}
		{0B6FB6D9-F7B2-428C-8795-09CDEB2576CD} = {7B5C58C4-F93B-4ABD-85F3-1FC685F760C3}
		{C3D174A9-8E7C-49B4-978C-D51BE4AD3C4A} = {8D28678E-79CE-4D72-9A01-A7C74E55FA4C}
	EndGlobalSection
	GlobalSection(ExtensibilityGlobals) = postSolution
		SolutionGuid = {1450A3A1-E7CC-454A-A41A-3A9B188F3B32}
	EndGlobalSection
EndGlobal
